{
    "version": 3,
    "terraform_version": "0.11.14",
    "serial": 2,
    "lineage": "6b7ccddb-0e62-7add-c5ee-dc2eb516b022",
    "modules": [
        {
            "path": [
                "root"
            ],
            "outputs": {},
            "resources": {
                "random_id.bucket": {
                    "type": "random_id",
                    "depends_on": [],
                    "primary": {
                        "id": "sAW_d5Ea3fg",
                        "attributes": {
                            "b64": "sAW_d5Ea3fg",
                            "b64_std": "sAW/d5Ea3fg=",
                            "b64_url": "sAW_d5Ea3fg",
                            "byte_length": "8",
                            "dec": "12683754445815340536",
                            "hex": "b005bf77911addf8",
                            "id": "sAW_d5Ea3fg"
                        },
                        "meta": {},
                        "tainted": false
                    },
                    "deposed": [],
                    "provider": "provider.random"
                }
            },
            "depends_on": []
        },
        {
            "path": [
                "root",
                "bucket"
            ],
            "outputs": {},
            "resources": {
                "aws_s3_bucket.this": {
                    "type": "aws_s3_bucket",
                    "depends_on": [],
                    "primary": {
                        "id": "meu-bucket-b005bf77911addf8",
                        "attributes": {
                            "acceleration_status": "",
                            "acl": "private",
                            "arn": "arn:aws:s3:::meu-bucket-b005bf77911addf8",
                            "bucket": "meu-bucket-b005bf77911addf8",
                            "bucket_domain_name": "meu-bucket-b005bf77911addf8.s3.amazonaws.com",
                            "bucket_regional_domain_name": "meu-bucket-b005bf77911addf8.s3.amazonaws.com",
                            "cors_rule.#": "0",
                            "force_destroy": "false",
                            "grant.#": "0",
                            "hosted_zone_id": "Z3AQBSTGFYJSTF",
                            "id": "meu-bucket-b005bf77911addf8",
                            "lifecycle_rule.#": "0",
                            "logging.#": "0",
                            "object_lock_configuration.#": "0",
                            "region": "us-east-1",
                            "replication_configuration.#": "0",
                            "request_payer": "BucketOwner",
                            "server_side_encryption_configuration.#": "0",
                            "tags.%": "1",
                            "tags.Name": "arquivos diversos",
                            "versioning.#": "1",
                            "versioning.0.enabled": "false",
                            "versioning.0.mfa_delete": "false",
                            "website.#": "0"
                        },
                        "meta": {},
                        "tainted": false
                    },
                    "deposed": [],
                    "provider": "provider.aws"
                },
                "aws_s3_bucket_object.this": {
                    "type": "aws_s3_bucket_object",
                    "depends_on": [
                        "aws_s3_bucket.this"
                    ],
                    "primary": {
                        "id": "files/12683754445815340536.txt",
                        "attributes": {
                            "acl": "private",
                            "bucket": "meu-bucket-b005bf77911addf8",
                            "cache_control": "",
                            "content_disposition": "",
                            "content_encoding": "",
                            "content_language": "",
                            "content_type": "binary/octet-stream",
                            "etag": "9498d051dad4838a80f7c3d5f858422c",
                            "force_destroy": "false",
                            "id": "files/12683754445815340536.txt",
                            "key": "files/12683754445815340536.txt",
                            "metadata.%": "0",
                            "object_lock_legal_hold_status": "",
                            "object_lock_mode": "",
                            "object_lock_retain_until_date": "",
                            "server_side_encryption": "",
                            "source": "file.txt",
                            "storage_class": "STANDARD",
                            "tags.%": "0",
                            "version_id": "null",
                            "website_redirect": ""
                        },
                        "meta": {},
                        "tainted": false
                    },
                    "deposed": [],
                    "provider": "provider.aws"
                }
            },
            "depends_on": []
        }
    ]
}
